
Microsoft Visual Studio Solution File, Format Version 12.00
# Visual Studio Version 17
VisualStudioVersion = 17.3.32929.385
MinimumVisualStudioVersion = 10.0.40219.1
Project("{FAE04EC0-301F-11D3-BF4B-00C04F79EFBC}") = "MatchingGame", "MatchingGame\MatchingGame.csproj", "{0B23F39B-AFA0-4D12-9867-32A0A8FAE1FE}"
EndProject
Global
	GlobalSection(SolutionConfigurationPlatforms) = preSolution
		Debug|Any CPU = Debug|Any CPU
		Release|Any CPU = Release|Any CPU
	EndGlobalSection
	GlobalSection(ProjectConfigurationPlatforms) = postSolution
		{0B23F39B-AFA0-4D12-9867-32A0A8FAE1FE}.Debug|Any CPU.ActiveCfg = Debug|Any CPU
		{0B23F39B-AFA0-4D12-9867-32A0A8FAE1FE}.Debug|Any CPU.Build.0 = Debug|Any CPU
		{0B23F39B-AFA0-4D12-9867-32A0A8FAE1FE}.Release|Any CPU.ActiveCfg = Release|Any CPU
		{0B23F39B-AFA0-4D12-9867-32A0A8FAE1FE}.Release|Any CPU.Build.0 = Release|Any CPU
	EndGlobalSection
	GlobalSection(SolutionProperties) = preSolution
		HideSolutionNode = FALSE
	EndGlobalSection
	GlobalSection(ExtensibilityGlobals) = postSolution
		SolutionGuid = {CD99E905-8237-47F8-A774-B618FBC36251}
	EndGlobalSection
EndGlobal
